
Microsoft Visual Studio Solution File, Format Version 12.00
# Visual Studio Version 17
VisualStudioVersion = 17.4.33110.190
MinimumVisualStudioVersion = 10.0.40219.1
Project("{9A19103F-16F7-4668-BE54-9A1E7A4F7556}") = "Sheenam.Api", "Sheenam.Api\Sheenam.Api.csproj", "{9B839C2E-CBFB-4773-9AF3-A59675947E8E}"
EndProject
Project("{FAE04EC0-301F-11D3-BF4B-00C04F79EFBC}") = "Sheenam.Api.Tests.Unit", "Sheenam.Api.Tests.Unit\Sheenam.Api.Tests.Unit.csproj", "{2C434619-DEC9-4D32-A440-E20851E6DAF8}"
EndProject
Global
	GlobalSection(SolutionConfigurationPlatforms) = preSolution
		Debug|Any CPU = Debug|Any CPU
		Release|Any CPU = Release|Any CPU
	EndGlobalSection
	GlobalSection(ProjectConfigurationPlatforms) = postSolution
		{9B839C2E-CBFB-4773-9AF3-A59675947E8E}.Debug|Any CPU.ActiveCfg = Debug|Any CPU
		{9B839C2E-CBFB-4773-9AF3-A59675947E8E}.Debug|Any CPU.Build.0 = Debug|Any CPU
		{9B839C2E-CBFB-4773-9AF3-A59675947E8E}.Release|Any CPU.ActiveCfg = Release|Any CPU
		{9B839C2E-CBFB-4773-9AF3-A59675947E8E}.Release|Any CPU.Build.0 = Release|Any CPU
		{2C434619-DEC9-4D32-A440-E20851E6DAF8}.Debug|Any CPU.ActiveCfg = Debug|Any CPU
		{2C434619-DEC9-4D32-A440-E20851E6DAF8}.Debug|Any CPU.Build.0 = Debug|Any CPU
		{2C434619-DEC9-4D32-A440-E20851E6DAF8}.Release|Any CPU.ActiveCfg = Release|Any CPU
		{2C434619-DEC9-4D32-A440-E20851E6DAF8}.Release|Any CPU.Build.0 = Release|Any CPU
	EndGlobalSection
	GlobalSection(SolutionProperties) = preSolution
		HideSolutionNode = FALSE
	EndGlobalSection
	GlobalSection(ExtensibilityGlobals) = postSolution
		SolutionGuid = {62869331-0DD8-4AEC-8365-BBF581CA4EFE}
	EndGlobalSection
EndGlobal
